
Microsoft Visual Studio Solution File, Format Version 8

Project("{F184B08F-C81C-45F6-A57F-5ABD9991F28F}") = "LeaveApplication", "LeaveApplication\LeaveApplication.vbproj", "{F96CE780-97A5-4C25-9DF9-367CC5A63B75}"
EndProject
Global
	GlobalSection(SolutionConfigurationPlatforms) = preSolution
		Debug|x86 = Debug|x86
		Release|x86 = Release|x86
	EndGlobalSection
	GlobalSection(ProjectConfigurationPlatforms) = postSolution
		{F96CE780-97A5-4C25-9DF9-367CC5A63B75}.Debug|x86.ActiveCfg = Debug|x86
		{F96CE780-97A5-4C25-9DF9-367CC5A63B75}.Debug|x86.Build.0 = Debug|x86
		{F96CE780-97A5-4C25-9DF9-367CC5A63B75}.Release|x86.ActiveCfg = Release|x86
		{F96CE780-97A5-4C25-9DF9-367CC5A63B75}.Release|x86.Build.0 = Release|x86
	EndGlobalSection
	GlobalSection(SolutionProperties) = preSolution
		HideSolutionNode = FALSE
	EndGlobalSection
EndGlobal
